
Microsoft Visual Studio Solution File, Format Version 12.00
# Visual Studio Version 17
VisualStudioVersion = 17.9.34728.123
MinimumVisualStudioVersion = 10.0.40219.1
Project("{FAE04EC0-301F-11D3-BF4B-00C04F79EFBC}") = "UnitTestProject2", "UnitTestProject2.csproj", "{D09571CC-648E-47E4-8D62-281F2CC5C861}"
EndProject
Global
	GlobalSection(SolutionConfigurationPlatforms) = preSolution
		Debug|Any CPU = Debug|Any CPU
		Release|Any CPU = Release|Any CPU
	EndGlobalSection
	GlobalSection(ProjectConfigurationPlatforms) = postSolution
		{D09571CC-648E-47E4-8D62-281F2CC5C861}.Debug|Any CPU.ActiveCfg = Debug|Any CPU
		{D09571CC-648E-47E4-8D62-281F2CC5C861}.Debug|Any CPU.Build.0 = Debug|Any CPU
		{D09571CC-648E-47E4-8D62-281F2CC5C861}.Release|Any CPU.ActiveCfg = Release|Any CPU
		{D09571CC-648E-47E4-8D62-281F2CC5C861}.Release|Any CPU.Build.0 = Release|Any CPU
	EndGlobalSection
	GlobalSection(SolutionProperties) = preSolution
		HideSolutionNode = FALSE
	EndGlobalSection
	GlobalSection(ExtensibilityGlobals) = postSolution
		SolutionGuid = {FE85BCC2-758B-44B3-AFFF-EA27C05EF306}
	EndGlobalSection
EndGlobal
